
Microsoft Visual Studio Solution File, Format Version 11.00
# Visual Studio 2010
Project("{FAE04EC0-301F-11D3-BF4B-00C04F79EFBC}") = "TestRun_History", "TestRun_History\TestRun_History.csproj", "{479046B6-AB22-4DDE-BDCF-6EB1ED6123F8}"
EndProject
Global
	GlobalSection(TeamFoundationVersionControl) = preSolution
		SccNumberOfProjects = 2
		SccEnterpriseProvider = {4CA58AB2-18FA-4F8D-95D4-32DDF27D184C}
		SccTeamFoundationServer = http://tfsappvm:8080/tfs/cwo
		SccLocalPath0 = .
		SccProjectUniqueName1 = TestRun_History\\TestRun_History.csproj
		SccProjectName1 = TestRun_History
		SccLocalPath1 = TestRun_History
	EndGlobalSection
	GlobalSection(SolutionConfigurationPlatforms) = preSolution
		Debug|Any CPU = Debug|Any CPU
		Release|Any CPU = Release|Any CPU
	EndGlobalSection
	GlobalSection(ProjectConfigurationPlatforms) = postSolution
		{479046B6-AB22-4DDE-BDCF-6EB1ED6123F8}.Debug|Any CPU.ActiveCfg = Debug|Any CPU
		{479046B6-AB22-4DDE-BDCF-6EB1ED6123F8}.Debug|Any CPU.Build.0 = Debug|Any CPU
		{479046B6-AB22-4DDE-BDCF-6EB1ED6123F8}.Release|Any CPU.ActiveCfg = Release|Any CPU
		{479046B6-AB22-4DDE-BDCF-6EB1ED6123F8}.Release|Any CPU.Build.0 = Release|Any CPU
	EndGlobalSection
	GlobalSection(SolutionProperties) = preSolution
		HideSolutionNode = FALSE
	EndGlobalSection
EndGlobal
