
Microsoft Visual Studio Solution File, Format Version 11.00
# Visual Studio 2010
Project("{FAE04EC0-301F-11D3-BF4B-00C04F79EFBC}") = "TestRun_History_Importer", "TestRun_History_Importer\TestRun_History_Importer.csproj", "{05754E8D-863B-4734-A667-E4CD3DA57AD1}"
EndProject
Global
	GlobalSection(SolutionConfigurationPlatforms) = preSolution
		Debug|x86 = Debug|x86
		Release|x86 = Release|x86
	EndGlobalSection
	GlobalSection(ProjectConfigurationPlatforms) = postSolution
		{05754E8D-863B-4734-A667-E4CD3DA57AD1}.Debug|x86.ActiveCfg = Debug|x86
		{05754E8D-863B-4734-A667-E4CD3DA57AD1}.Debug|x86.Build.0 = Debug|x86
		{05754E8D-863B-4734-A667-E4CD3DA57AD1}.Release|x86.ActiveCfg = Release|x86
		{05754E8D-863B-4734-A667-E4CD3DA57AD1}.Release|x86.Build.0 = Release|x86
	EndGlobalSection
	GlobalSection(SolutionProperties) = preSolution
		HideSolutionNode = FALSE
	EndGlobalSection
EndGlobal
